PODS:
  - Alamofire (4.7.2)
  - Anchorage (4.2.2)
  - BLEAirQuality (0.1.0):
    - RZBluetooth
  - BonMot (5.2)
  - boost-for-react-native (1.63.0)
  - Crashlytics (3.10.1):
    - Fabric (~> 1.7.5)
  - DoubleConversion (1.1.5)
  - Fabric (1.7.6)
  - Folly (2016.09.26.00):
    - boost-for-react-native
    - DoubleConversion
    - glog
  - glog (0.3.4)
  - GoogleAnalytics (3.17.0)
  - Instabug (7.12.5):
    - Instabug/Instabug (= 7.12.5)
    - Instabug/InstabugCore (= 7.12.5)
  - Instabug/Instabug (7.12.5):
    - Instabug/InstabugCore
  - Instabug/InstabugCore (7.12.5)
  - KeychainAccess (3.1.1)
  - Marshal (1.2.4)
  - OHHTTPStubs/Core (6.1.0)
  - OHHTTPStubs/Default (6.1.0):
    - OHHTTPStubs/Core
    - OHHTTPStubs/JSON
    - OHHTTPStubs/NSURLSession
    - OHHTTPStubs/OHPathHelpers
  - OHHTTPStubs/JSON (6.1.0):
    - OHHTTPStubs/Core
  - OHHTTPStubs/NSURLSession (6.1.0):
    - OHHTTPStubs/Core
  - OHHTTPStubs/OHPathHelpers (6.1.0)
  - OHHTTPStubs/Swift (6.1.0):
    - OHHTTPStubs/Default
  - React/Core (0.55.4):
    - yoga (= 0.55.4.React)
  - React/CxxBridge (0.55.4):
    - Folly (= 2016.09.26.00)
    - React/Core
    - React/cxxreact
  - React/cxxreact (0.55.4):
    - boost-for-react-native (= 1.63.0)
    - Folly (= 2016.09.26.00)
    - React/jschelpers
    - React/jsinspector
  - React/DevSupport (0.55.4):
    - React/Core
    - React/RCTWebSocket
  - React/fishhook (0.55.4)
  - React/jschelpers (0.55.4):
    - Folly (= 2016.09.26.00)
    - React/PrivateDatabase
  - React/jsinspector (0.55.4)
  - React/PrivateDatabase (0.55.4)
  - React/RCTBlob (0.55.4):
    - React/Core
  - React/RCTNetwork (0.55.4):
    - React/Core
  - React/RCTText (0.55.4):
    - React/Core
  - React/RCTWebSocket (0.55.4):
    - React/Core
    - React/fishhook
    - React/RCTBlob
  - RZBluetooth (1.2.2):
    - RZBluetooth/Core (= 1.2.2)
  - RZBluetooth/Core (1.2.2)
  - SimulatorStatusMagic (2.1)
  - Sourcery (0.12.0)
  - SwiftGen (5.3.0)
  - Swiftilities (0.18.0):
    - Swiftilities/All (= 0.18.0)
  - Swiftilities/AboutView (0.18.0)
  - Swiftilities/AccessibilityHelpers (0.18.0)
  - Swiftilities/Acknowledgements (0.18.0):
    - Swiftilities/Deselection
    - Swiftilities/LicenseFormatter
  - Swiftilities/All (0.18.0):
    - Swiftilities/AboutView
    - Swiftilities/AccessibilityHelpers
    - Swiftilities/Acknowledgements
    - Swiftilities/BetterButton
    - Swiftilities/ColorHelpers
    - Swiftilities/CoreDataStack
    - Swiftilities/Deselection
    - Swiftilities/DeviceSize
    - Swiftilities/FormattedTextField
    - Swiftilities/Forms
    - Swiftilities/HairlineView
    - Swiftilities/ImageHelpers
    - Swiftilities/Keyboard
    - Swiftilities/LicenseFormatter
    - Swiftilities/Lifecycle
    - Swiftilities/Logging
    - Swiftilities/Math
    - Swiftilities/RootViewController
    - Swiftilities/Shapes
    - Swiftilities/StackViewHelpers
    - Swiftilities/TableViewHelpers
    - Swiftilities/TintedButton
    - Swiftilities/Views
  - Swiftilities/BetterButton (0.18.0):
    - Swiftilities/ColorHelpers
    - Swiftilities/ImageHelpers
    - Swiftilities/Math
    - Swiftilities/Shapes
  - Swiftilities/ColorHelpers (0.18.0)
  - Swiftilities/CoreDataStack (0.18.0)
  - Swiftilities/Deselection (0.18.0)
  - Swiftilities/DeviceSize (0.18.0)
  - Swiftilities/FormattedTextField (0.18.0)
  - Swiftilities/Forms (0.18.0)
  - Swiftilities/HairlineView (0.18.0)
  - Swiftilities/ImageHelpers (0.18.0)
  - Swiftilities/Keyboard (0.18.0)
  - Swiftilities/LicenseFormatter (0.18.0)
  - Swiftilities/Lifecycle (0.18.0):
    - Swiftilities/HairlineView
    - Swiftilities/Math
  - Swiftilities/Logging (0.18.0)
  - Swiftilities/Math (0.18.0)
  - Swiftilities/RootViewController (0.18.0)
  - Swiftilities/Shapes (0.18.0)
  - Swiftilities/StackViewHelpers (0.18.0)
  - Swiftilities/TableViewHelpers (0.18.0)
  - Swiftilities/TintedButton (0.18.0)
  - Swiftilities/Views (0.18.0)
  - SwiftLint (0.25.1)
  - yoga (0.55.4.React)

DEPENDENCIES:
  - Alamofire
  - Anchorage
  - BLEAirQuality (from `./Submodules/BLEAirQuality`)
  - BonMot
  - Crashlytics
  - DoubleConversion (from `./React/node_modules/react-native/third-party-podspecs/DoubleConversion.podspec`)
  - Folly (from `./React/node_modules/react-native/third-party-podspecs/Folly.podspec`)
  - glog (from `./React/node_modules/react-native/third-party-podspecs/glog.podspec`)
  - GoogleAnalytics (~> 3.0)
  - Instabug
  - KeychainAccess
  - Marshal
  - OHHTTPStubs/Swift
  - React/Core (from `./React/node_modules/react-native`)
  - React/CxxBridge (from `./React/node_modules/react-native`)
  - React/DevSupport (from `./React/node_modules/react-native`)
  - React/RCTNetwork (from `./React/node_modules/react-native`)
  - React/RCTText (from `./React/node_modules/react-native`)
  - React/RCTWebSocket (from `./React/node_modules/react-native`)
  - SimulatorStatusMagic
  - Sourcery (~> 0.12.0)
  - SwiftGen
  - Swiftilities
  - SwiftLint
  - yoga (from `./React/node_modules/react-native/ReactCommon/yoga`)

SPEC REPOS:
  https://github.com/cocoapods/specs.git:
    - Alamofire
    - Anchorage
    - BonMot
    - boost-for-react-native
    - Crashlytics
    - Fabric
    - GoogleAnalytics
    - Instabug
    - KeychainAccess
    - Marshal
    - OHHTTPStubs
    - RZBluetooth
    - SimulatorStatusMagic
    - Sourcery
    - SwiftGen
    - Swiftilities
    - SwiftLint

EXTERNAL SOURCES:
  BLEAirQuality:
    :path: "./Submodules/BLEAirQuality"
  DoubleConversion:
    :podspec: "./React/node_modules/react-native/third-party-podspecs/DoubleConversion.podspec"
  Folly:
    :podspec: "./React/node_modules/react-native/third-party-podspecs/Folly.podspec"
  glog:
    :podspec: "./React/node_modules/react-native/third-party-podspecs/glog.podspec"
  React:
    :path: "./React/node_modules/react-native"
  yoga:
    :path: "./React/node_modules/react-native/ReactCommon/yoga"

SPEC CHECKSUMS:
  Alamofire: e4fa87002c137ba2d8d634d2c51fabcda0d5c223
  Anchorage: cba8707ea6475f604e04047882ba47c07e4b2ac1
  BLEAirQuality: e0cea802e7a501fa18a2427b4241340a68b69989
  BonMot: 68da0bd7c2f602aca85511bedabd211eb0fae666
  boost-for-react-native: 39c7adb57c4e60d6c5479dd8623128eb5b3f0f2c
  Crashlytics: aee1a064cbbf99b32efa3f056a5f458d846bc8ff
  DoubleConversion: e22e0762848812a87afd67ffda3998d9ef29170c
  Fabric: f8d42c893bb187326a7968b62abe55c36a987a46
  Folly: 211775e49d8da0ca658aebc8eab89d642935755c
  glog: 1de0bb937dccdc981596d3b5825ebfb765017ded
  GoogleAnalytics: f42cc53a87a51fe94334821868d9c8481ff47a7b
  Instabug: 7a3c51631266f2a9e901fd9e6ccd51541baf1dd4
  KeychainAccess: 7bd430028059754a3debab3cfc0bd1fc7fb85df3
  Marshal: 8e04e6624e506921db7143b0bfd83caee03f32d6
  OHHTTPStubs: 1e21c7d2c084b8153fc53d48400d8919d2d432d0
  React: aa2040dbb6f317b95314968021bd2888816e03d5
  RZBluetooth: 80278a1e941644224554040b7d0f6418b7a99291
  SimulatorStatusMagic: 481558caf2b9ccb2ceba2cc193728d4db3dcac07
  Sourcery: 10fa92cd8890864856ee3657ca460d597ebc064b
  SwiftGen: 4379bd3640b0a212a0f6ea3c494adba385513d10
  Swiftilities: be5be2c1770bc689f1d63a0fa5ad8b359f474a92
  SwiftLint: ce933681be10c3266e82576dad676fa815a602e9
  yoga: a23273df0088bf7f2bb7e5d7b00044ea57a2a54a

PODFILE CHECKSUM: 9a1d791a026c6c0c68a967b0ec825819f6905501

COCOAPODS: 1.5.2
