PODS:
  - Alamofire (4.7.2)
  - Anchorage (4.2.2)
  - BLEAirQuality (0.1.0):
    - RZBluetooth
  - BonMot (5.2)
  - boost-for-react-native (1.63.0)
  - Crashlytics (3.10.2):
    - Fabric (~> 1.7.7)
  - DoubleConversion (1.1.5)
  - Fabric (1.7.7)
  - Folly (2016.10.31.00):
    - boost-for-react-native
    - DoubleConversion
    - glog
  - glog (0.3.4)
  - GoogleAnalytics (3.17.0)
  - Instabug (7.14.4):
    - Instabug/Instabug (= 7.14.4)
    - Instabug/InstabugCore (= 7.14.4)
  - Instabug/Instabug (7.14.4):
    - Instabug/InstabugCore
  - Instabug/InstabugCore (7.14.4)
  - KeychainAccess (3.1.1)
  - Marshal (1.2.4)
  - OHHTTPStubs/Core (6.1.0)
  - OHHTTPStubs/Default (6.1.0):
    - OHHTTPStubs/Core
    - OHHTTPStubs/JSON
    - OHHTTPStubs/NSURLSession
    - OHHTTPStubs/OHPathHelpers
  - OHHTTPStubs/JSON (6.1.0):
    - OHHTTPStubs/Core
  - OHHTTPStubs/NSURLSession (6.1.0):
    - OHHTTPStubs/Core
  - OHHTTPStubs/OHPathHelpers (6.1.0)
  - OHHTTPStubs/Swift (6.1.0):
    - OHHTTPStubs/Default
  - React/Core (0.56.0-rc.2):
    - yoga (= 0.56.0-rc.2.React)
  - React/CxxBridge (0.56.0-rc.2):
    - Folly (= 2016.10.31.00)
    - React/Core
    - React/cxxreact
  - React/cxxreact (0.56.0-rc.2):
    - boost-for-react-native (= 1.63.0)
    - Folly (= 2016.10.31.00)
    - React/jschelpers
    - React/jsinspector
  - React/DevSupport (0.56.0-rc.2):
    - React/Core
    - React/RCTWebSocket
  - React/fishhook (0.56.0-rc.2)
  - React/jschelpers (0.56.0-rc.2):
    - Folly (= 2016.10.31.00)
    - React/PrivateDatabase
  - React/jsinspector (0.56.0-rc.2)
  - React/PrivateDatabase (0.56.0-rc.2)
  - React/RCTAnimation (0.56.0-rc.2):
    - React/Core
  - React/RCTBlob (0.56.0-rc.2):
    - React/Core
  - React/RCTImage (0.56.0-rc.2):
    - React/Core
    - React/RCTNetwork
  - React/RCTNetwork (0.56.0-rc.2):
    - React/Core
  - React/RCTText (0.56.0-rc.2):
    - React/Core
  - React/RCTWebSocket (0.56.0-rc.2):
    - React/Core
    - React/fishhook
    - React/RCTBlob
  - RZBluetooth (1.2.2):
    - RZBluetooth/Core (= 1.2.2)
  - RZBluetooth/Core (1.2.2)
  - SimulatorStatusMagic (2.2)
  - Sourcery (0.12.0)
  - SwiftGen (5.3.0)
  - Swiftilities (0.18.0):
    - Swiftilities/All (= 0.18.0)
  - Swiftilities/AboutView (0.18.0)
  - Swiftilities/AccessibilityHelpers (0.18.0)
  - Swiftilities/Acknowledgements (0.18.0):
    - Swiftilities/Deselection
    - Swiftilities/LicenseFormatter
  - Swiftilities/All (0.18.0):
    - Swiftilities/AboutView
    - Swiftilities/AccessibilityHelpers
    - Swiftilities/Acknowledgements
    - Swiftilities/BetterButton
    - Swiftilities/ColorHelpers
    - Swiftilities/CoreDataStack
    - Swiftilities/Deselection
    - Swiftilities/DeviceSize
    - Swiftilities/FormattedTextField
    - Swiftilities/Forms
    - Swiftilities/HairlineView
    - Swiftilities/ImageHelpers
    - Swiftilities/Keyboard
    - Swiftilities/LicenseFormatter
    - Swiftilities/Lifecycle
    - Swiftilities/Logging
    - Swiftilities/Math
    - Swiftilities/RootViewController
    - Swiftilities/Shapes
    - Swiftilities/StackViewHelpers
    - Swiftilities/TableViewHelpers
    - Swiftilities/TintedButton
    - Swiftilities/Views
  - Swiftilities/BetterButton (0.18.0):
    - Swiftilities/ColorHelpers
    - Swiftilities/ImageHelpers
    - Swiftilities/Math
    - Swiftilities/Shapes
  - Swiftilities/ColorHelpers (0.18.0)
  - Swiftilities/CoreDataStack (0.18.0)
  - Swiftilities/Deselection (0.18.0)
  - Swiftilities/DeviceSize (0.18.0)
  - Swiftilities/FormattedTextField (0.18.0)
  - Swiftilities/Forms (0.18.0)
  - Swiftilities/HairlineView (0.18.0)
  - Swiftilities/ImageHelpers (0.18.0)
  - Swiftilities/Keyboard (0.18.0)
  - Swiftilities/LicenseFormatter (0.18.0)
  - Swiftilities/Lifecycle (0.18.0):
    - Swiftilities/HairlineView
    - Swiftilities/Math
  - Swiftilities/Logging (0.18.0)
  - Swiftilities/Math (0.18.0)
  - Swiftilities/RootViewController (0.18.0)
  - Swiftilities/Shapes (0.18.0)
  - Swiftilities/StackViewHelpers (0.18.0)
  - Swiftilities/TableViewHelpers (0.18.0)
  - Swiftilities/TintedButton (0.18.0)
  - Swiftilities/Views (0.18.0)
  - SwiftLint (0.25.1)
  - yoga (0.56.0-rc.2.React)

DEPENDENCIES:
  - Alamofire
  - Anchorage
  - BLEAirQuality (from `./Submodules/BLEAirQuality`)
  - BonMot
  - Crashlytics
  - DoubleConversion (from `./React/node_modules/react-native/third-party-podspecs/DoubleConversion.podspec`)
  - Folly (from `./React/node_modules/react-native/third-party-podspecs/Folly.podspec`)
  - glog (from `./React/node_modules/react-native/third-party-podspecs/glog.podspec`)
  - GoogleAnalytics (~> 3.0)
  - Instabug
  - KeychainAccess
  - Marshal
  - OHHTTPStubs/Swift
  - React/Core (from `./React/node_modules/react-native`)
  - React/CxxBridge (from `./React/node_modules/react-native`)
  - React/DevSupport (from `./React/node_modules/react-native`)
  - React/RCTAnimation (from `./React/node_modules/react-native`)
  - React/RCTImage (from `./React/node_modules/react-native`)
  - React/RCTNetwork (from `./React/node_modules/react-native`)
  - React/RCTText (from `./React/node_modules/react-native`)
  - React/RCTWebSocket (from `./React/node_modules/react-native`)
  - SimulatorStatusMagic
  - Sourcery (~> 0.12.0)
  - SwiftGen
  - Swiftilities (from `https://github.com/Raizlabs/Swiftilities.git`, branch `xcode10_compat`)
  - SwiftLint
  - yoga (from `./React/node_modules/react-native/ReactCommon/yoga`)

SPEC REPOS:
  https://github.com/cocoapods/specs.git:
    - Alamofire
    - Anchorage
    - BonMot
    - boost-for-react-native
    - Crashlytics
    - Fabric
    - GoogleAnalytics
    - Instabug
    - KeychainAccess
    - Marshal
    - OHHTTPStubs
    - RZBluetooth
    - SimulatorStatusMagic
    - Sourcery
    - SwiftGen
    - SwiftLint

EXTERNAL SOURCES:
  BLEAirQuality:
    :path: "./Submodules/BLEAirQuality"
  DoubleConversion:
    :podspec: "./React/node_modules/react-native/third-party-podspecs/DoubleConversion.podspec"
  Folly:
    :podspec: "./React/node_modules/react-native/third-party-podspecs/Folly.podspec"
  glog:
    :podspec: "./React/node_modules/react-native/third-party-podspecs/glog.podspec"
  React:
    :path: "./React/node_modules/react-native"
  Swiftilities:
    :branch: xcode10_compat
    :git: https://github.com/Raizlabs/Swiftilities.git
  yoga:
    :path: "./React/node_modules/react-native/ReactCommon/yoga"

CHECKOUT OPTIONS:
  Swiftilities:
    :commit: aadfe17291bc741f76f2811030c2fccf07bffd5b
    :git: https://github.com/Raizlabs/Swiftilities.git

SPEC CHECKSUMS:
  Alamofire: e4fa87002c137ba2d8d634d2c51fabcda0d5c223
  Anchorage: cba8707ea6475f604e04047882ba47c07e4b2ac1
  BLEAirQuality: d849973c6ea5d53af1654d393dfde652e120a1f3
  BonMot: 68da0bd7c2f602aca85511bedabd211eb0fae666
  boost-for-react-native: 39c7adb57c4e60d6c5479dd8623128eb5b3f0f2c
  Crashlytics: 0360624eea1c978a743feddb2fb1ef8b37fb7a0d
  DoubleConversion: a9706f16e388b53ff12cca34473428ee29746a26
  Fabric: bda89e242bce1b7b8ab264248cf3407774ce0095
  Folly: c89ac2d5c6ab169cd7397ef27485c44f35f742c7
  glog: 3931855c9cc99c3fab1355fc162fe369162d8183
  GoogleAnalytics: f42cc53a87a51fe94334821868d9c8481ff47a7b
  Instabug: 57e40bca7d39db8f54e2c18fb98bd591bb5b0145
  KeychainAccess: 7bd430028059754a3debab3cfc0bd1fc7fb85df3
  Marshal: 8e04e6624e506921db7143b0bfd83caee03f32d6
  OHHTTPStubs: 1e21c7d2c084b8153fc53d48400d8919d2d432d0
  React: 1fe0eb13d90b625d94c3b117c274dcfd2e760e11
  RZBluetooth: 80278a1e941644224554040b7d0f6418b7a99291
  SimulatorStatusMagic: 0389a805fa8bd001e2977c4046730bdbd6642861
  Sourcery: 10fa92cd8890864856ee3657ca460d597ebc064b
  SwiftGen: 4379bd3640b0a212a0f6ea3c494adba385513d10
  Swiftilities: be5be2c1770bc689f1d63a0fa5ad8b359f474a92
  SwiftLint: ce933681be10c3266e82576dad676fa815a602e9
  yoga: b1ce48b6cf950b98deae82838f5173ea7cf89e85

PODFILE CHECKSUM: cfd0146b35e652f1afc7d4d6f798f04b3733632e

COCOAPODS: 1.5.2
